
Microsoft Visual Studio Solution File, Format Version 12.00
# Visual Studio 15
VisualStudioVersion = 15.0.28010.2016
MinimumVisualStudioVersion = 10.0.40219.1
Project("{FAE04EC0-301F-11D3-BF4B-00C04F79EFBC}") = "ContrabandCars", "ContrabandCars\ContrabandCars.csproj", "{3DECEF87-BC67-4E83-AF32-D0AEA401A383}"
EndProject
Global
	GlobalSection(SolutionConfigurationPlatforms) = preSolution
		Debug|Any CPU = Debug|Any CPU
		Release|Any CPU = Release|Any CPU
	EndGlobalSection
	GlobalSection(ProjectConfigurationPlatforms) = postSolution
		{3DECEF87-BC67-4E83-AF32-D0AEA401A383}.Debug|Any CPU.ActiveCfg = Debug|Any CPU
		{3DECEF87-BC67-4E83-AF32-D0AEA401A383}.Debug|Any CPU.Build.0 = Debug|Any CPU
		{3DECEF87-BC67-4E83-AF32-D0AEA401A383}.Release|Any CPU.ActiveCfg = Release|Any CPU
		{3DECEF87-BC67-4E83-AF32-D0AEA401A383}.Release|Any CPU.Build.0 = Release|Any CPU
	EndGlobalSection
	GlobalSection(SolutionProperties) = preSolution
		HideSolutionNode = FALSE
	EndGlobalSection
	GlobalSection(ExtensibilityGlobals) = postSolution
		SolutionGuid = {57A849B5-DC42-4EC0-9431-567E00B5AD82}
	EndGlobalSection
EndGlobal
